<Solution>
  <Folder Name="/01/">
    <Project Path="IsNumberOddOrNot/IsNumberOddOrNot.csproj" Id="ff6e87ea-66b5-4bc1-a0e5-cfe84158ee09" />
  </Folder>
  <Folder Name="/02/">
    <Project Path="TheGreathestNumber/TheGreathestNumber.csproj" Id="f32ec292-90c4-475d-ad50-82ef9a85e22e" />
  </Folder>
  <Folder Name="/03/">
    <Project Path="SortNumbers/SortNumbers.csproj" Id="ffcb91e1-d89e-4b4a-b4d2-c77bc2d71e2e" />
  </Folder>
  <Folder Name="/04/">
    <Project Path="IsMultipleOfAnother/IsMultipleOfAnother.csproj" Id="34282285-8471-4884-97da-0bf64aabc8e7" />
  </Folder>
  <Folder Name="/05/">
    <Project Path="IsLeeapYear/IsLeeapYear.csproj" Id="e90ca95c-d923-4bbf-8987-9af178fe21e0" />
  </Folder>
  <Folder Name="/06/">
    <Project Path="SimplePayroll/SimplePayroll.csproj" Id="d892889c-6882-4feb-90f1-19b5a5e8c960" />
  </Folder>
  <Folder Name="/07/">
    <Project Path="Discounts/Discounts.csproj" Id="d75f6994-7c7b-4436-992b-4be9445d52da" />
  </Folder>
  <Folder Name="/08/">
    <Project Path="TuitionValue/TuitionValue.csproj" Id="5bdaa5cf-ae02-4730-8174-359282aa43f9" />
  </Folder>
  <Folder Name="/09/">
    <Project Path="ShipmentOfGoods/ShipmentOfGoods.csproj" Id="8d525377-ff56-49a9-93a7-14ee781b39a8" />
  </Folder>
  <Folder Name="/10/">
    <Project Path="SucesoStore/SucesoStore.csproj" Id="a9a5e727-bd98-4bff-9a5c-cf4a3497eed2" />
  </Folder>
  <Folder Name="/11/">
    <Project Path="TransportCompany/TransportCompany.csproj" Id="afec99a7-7a5c-44ba-be9e-2d35df6404fd" />
  </Folder>
  <Folder Name="/12/">
    <Project Path="NumbersSeries/NumbersSeries.csproj" Id="3157ccae-6fff-48f6-b624-743b5e6641d6" />
  </Folder>
  <Folder Name="/13/" />
  <Folder Name="/14/" />
  <Folder Name="/15/" />
  <Folder Name="/Shared/">
    <Project Path="../Shared/Shared.csproj" Id="6a3ad66e-c590-4d3d-b5ea-2b9f11ba33c3" />
  </Folder>
</Solution>
