<Solution>
  <Folder Name="/01/">
    <Project Path="IsNumberOddOrNot/IsNumberOddOrNot.csproj" Id="ff6e87ea-66b5-4bc1-a0e5-cfe84158ee09" />
  </Folder>
  <Folder Name="/02/">
    <Project Path="TheGreathestNumber/TheGreathestNumber.csproj" Id="f32ec292-90c4-475d-ad50-82ef9a85e22e" />
  </Folder>
  <Folder Name="/03/">
    <Project Path="SortNumbers/SortNumbers.csproj" Id="ffcb91e1-d89e-4b4a-b4d2-c77bc2d71e2e" />
  </Folder>
  <Folder Name="/04/">
    <Project Path="IsMultipleOfAnother/IsMultipleOfAnother.csproj" Id="34282285-8471-4884-97da-0bf64aabc8e7" />
  </Folder>
  <Folder Name="/05/">
    <Project Path="IsLeeapYear/IsLeeapYear.csproj" Id="e90ca95c-d923-4bbf-8987-9af178fe21e0" />
  </Folder>
  <Folder Name="/Shared/">
    <Project Path="../Shared/Shared.csproj" Id="6a3ad66e-c590-4d3d-b5ea-2b9f11ba33c3" />
  </Folder>
</Solution>
